<?xml version="1.0" encoding="utf-8"?>
<Project ToolsVersion="4.0" xmlns="http://schemas.microsoft.com/developer/msbuild/2003">
  <ItemGroup>
    <ClInclude Include="Src\ScriptPch.h">
      <Filter>Src</Filter>
    </ClInclude>
    <ClInclude Include="Src\Script\Script.h">
      <Filter>Src\Script</Filter>
    </ClInclude>
    <ClInclude Include="Src\Script\Math\AssetCollision.h">
      <Filter>Src\Script\Math</Filter>
    </ClInclude>
    <ClInclude Include="Src\Script\Math\KdCollision.h">
      <Filter>Src\Script\Math</Filter>
    </ClInclude>
    <ClInclude Include="Src\Script\Command\CommandRegister.h">
      <Filter>Src\Script\Command</Filter>
    </ClInclude>
    <ClInclude Include="Src\Script\Command\Command_CreateObject\Command_CreateObject.h">
      <Filter>Src\Script\Command\Command_CreateObject</Filter>
    </ClInclude>
    <ClInclude Include="Src\Script\Command\Command_SelectObject\Command_SelectObject.h">
      <Filter>Src\Script\Command\Command_SelectObject</Filter>
    </ClInclude>
    <ClInclude Include="Src\Script\Utility\Utility.h">
      <Filter>Src\Script\Utility</Filter>
    </ClInclude>
    <ClInclude Include="Src\Script\Utility\StateBase\StateBase.h">
      <Filter>Src\Script\Utility\StateBase</Filter>
    </ClInclude>
    <ClInclude Include="Src\Script\Utility\Animation2D\Animation2D.h">
      <Filter>Src\Script\Utility\Animation2D</Filter>
    </ClInclude>
    <ClInclude Include="Src\Interface\IScript.h">
      <Filter>Src\Interface</Filter>
    </ClInclude>
    <ClInclude Include="Src\Interface\Manager\ObjectManager\IGameObjectManager.h">
      <Filter>Src\Interface\Manager\ObjectManager</Filter>
    </ClInclude>
    <ClInclude Include="Src\Interface\Manager\ComponentFactory\IComponentFactory.h">
      <Filter>Src\Interface\Manager\ComponentFactory</Filter>
    </ClInclude>
    <ClInclude Include="Src\Script\Event\Collider_Event\Collider_Event.h">
      <Filter>Src\Script\Event\Collider_Event</Filter>
    </ClInclude>
    <ClInclude Include="Src\Script\ECS\Manager\ECSManager.h">
      <Filter>Src\Script\ECS\Manager</Filter>
    </ClInclude>
    <ClInclude Include="Src\Script\ECS\System\System.h">
      <Filter>Src\Script\ECS\System</Filter>
    </ClInclude>
    <ClInclude Include="Src\Script\ECS\Component\Component.h">
      <Filter>Src\Script\ECS\Component</Filter>
    </ClInclude>
    <ClInclude Include="Src\Script\ECS\Component\ComponentPool.h">
      <Filter>Src\Script\ECS\Component</Filter>
    </ClInclude>
    <ClInclude Include="Src\Script\ECS\Entity\Entity.h">
      <Filter>Src\Script\ECS\Entity</Filter>
    </ClInclude>
    <ClInclude Include="Src\Script\ECS\ECS.h">
      <Filter>Src\Script\ECS</Filter>
    </ClInclude>
    <ClInclude Include="Src\Script\ECS\Reflection\ClassInfo.h">
      <Filter>Src\Script\ECS\Reflection</Filter>
    </ClInclude>
    <ClInclude Include="Src\Script\Utility\ConvertToValue\ConvertToValue.h">
      <Filter>Src\Script\Utility\ConvertToValue</Filter>
    </ClInclude>
    <ClInclude Include="Src\Script\Command\Command_CreateEntity\Command_CreateEntity.h">
      <Filter>Src\Script\Command\Command_CreateEntity</Filter>
    </ClInclude>
  </ItemGroup>
  <ItemGroup>
    <ClCompile Include="Src\ScriptPch.cpp">
      <Filter>Src</Filter>
    </ClCompile>
    <ClCompile Include="Src\Script\Script.cpp">
      <Filter>Src\Script</Filter>
    </ClCompile>
    <ClCompile Include="Src\Script\Math\AssetCollision.cpp">
      <Filter>Src\Script\Math</Filter>
    </ClCompile>
    <ClCompile Include="Src\Script\Math\KdCollision.cpp">
      <Filter>Src\Script\Math</Filter>
    </ClCompile>
    <ClCompile Include="Src\Script\Command\CommandRegister.cpp">
      <Filter>Src\Script\Command</Filter>
    </ClCompile>
    <ClCompile Include="Src\Script\Command\Command_CreateObject\Command_CreateObject.cpp">
      <Filter>Src\Script\Command\Command_CreateObject</Filter>
    </ClCompile>
    <ClCompile Include="Src\Script\Command\Command_SelectObject\Command_SelectObject.cpp">
      <Filter>Src\Script\Command\Command_SelectObject</Filter>
    </ClCompile>
    <ClCompile Include="Src\Script\Utility\Animation2D\Animation2D.cpp">
      <Filter>Src\Script\Utility\Animation2D</Filter>
    </ClCompile>
    <ClCompile Include="Src\Script\Event\Collider_Event\Collider_Event.cpp">
      <Filter>Src\Script\Event\Collider_Event</Filter>
    </ClCompile>
    <ClCompile Include="Src\Script\ECS\Manager\ECSManager.cpp">
      <Filter>Src\Script\ECS\Manager</Filter>
    </ClCompile>
    <ClCompile Include="Src\Script\ECS\Entity\Entity.cpp">
      <Filter>Src\Script\ECS\Entity</Filter>
    </ClCompile>
    <ClCompile Include="Src\Script\ECS\Reflection\ClassInfo.cpp">
      <Filter>Src\Script\ECS\Reflection</Filter>
    </ClCompile>
    <ClCompile Include="Src\Script\Command\Command_CreateEntity\Command_CreateEntity.cpp">
      <Filter>Src\Script\Command\Command_CreateEntity</Filter>
    </ClCompile>
    <ClCompile Include="Src\Script\ECS\Component\Component.cpp">
      <Filter>Src\Script\ECS\Component</Filter>
    </ClCompile>
  </ItemGroup>
  <ItemGroup>
    <Filter Include="Src">
      <UniqueIdentifier>{3a29ef34-7699-48e9-81dd-6f64607a8996}</UniqueIdentifier>
    </Filter>
    <Filter Include="Src\User">
      <UniqueIdentifier>{506c90f4-68ff-4888-aabb-63d3f41c9fac}</UniqueIdentifier>
    </Filter>
    <Filter Include="Src\Script">
      <UniqueIdentifier>{7f2b4ced-3f60-45a1-b2ba-9da0f43e7be8}</UniqueIdentifier>
    </Filter>
    <Filter Include="Src\Script\Math">
      <UniqueIdentifier>{ba83b2a4-258a-463c-8cb6-58914c4094ba}</UniqueIdentifier>
    </Filter>
    <Filter Include="Src\Script\Command">
      <UniqueIdentifier>{832fc822-291c-4530-bdf1-ac362d69ec8b}</UniqueIdentifier>
    </Filter>
    <Filter Include="Src\Script\Command\Command_CreateObject">
      <UniqueIdentifier>{f3eb7f5b-8a28-465b-92d7-d754014840dd}</UniqueIdentifier>
    </Filter>
    <Filter Include="Src\Script\Command\Command_SelectObject">
      <UniqueIdentifier>{b4e80121-19b9-4e92-a684-6a85c4e63e0b}</UniqueIdentifier>
    </Filter>
    <Filter Include="Src\Script\Utility">
      <UniqueIdentifier>{56972815-0362-46f1-a54b-7896fd1cfa90}</UniqueIdentifier>
    </Filter>
    <Filter Include="Src\Script\Utility\StateBase">
      <UniqueIdentifier>{b5b7e213-bb9d-46e7-899b-19895229db8d}</UniqueIdentifier>
    </Filter>
    <Filter Include="Src\Script\Utility\Animation2D">
      <UniqueIdentifier>{edfa4492-d2ec-48b6-bf8d-948f5865ebf4}</UniqueIdentifier>
    </Filter>
    <Filter Include="Src\Interface">
      <UniqueIdentifier>{1f4a4757-b67e-4e9c-afdb-f7e77fee01f6}</UniqueIdentifier>
    </Filter>
    <Filter Include="Src\Interface\Manager">
      <UniqueIdentifier>{9e7dc756-cf1d-4182-a754-498835d8493d}</UniqueIdentifier>
    </Filter>
    <Filter Include="Src\Interface\Manager\ObjectManager">
      <UniqueIdentifier>{23295931-9204-4b79-8684-2eacc2ce3bc0}</UniqueIdentifier>
    </Filter>
    <Filter Include="Src\Interface\Manager\ComponentFactory">
      <UniqueIdentifier>{c3c76092-fa5a-48a8-8298-ec81e5488ccb}</UniqueIdentifier>
    </Filter>
    <Filter Include="Src\Script\Event">
      <UniqueIdentifier>{7a679c36-dc06-4d25-a0c1-eddcf1422e90}</UniqueIdentifier>
    </Filter>
    <Filter Include="Src\Script\Event\Collider_Event">
      <UniqueIdentifier>{adeecf61-c1ed-4056-8f7d-041ebb9d3c64}</UniqueIdentifier>
    </Filter>
    <Filter Include="Src\Script\ECS">
      <UniqueIdentifier>{5277a1d4-1492-4161-a534-8f2fe521d2ca}</UniqueIdentifier>
    </Filter>
    <Filter Include="Src\Script\ECS\Manager">
      <UniqueIdentifier>{08e388c8-5156-48b3-ac3e-0d45ac203d94}</UniqueIdentifier>
    </Filter>
    <Filter Include="Src\Script\ECS\System">
      <UniqueIdentifier>{2ec6a921-51c7-4c8f-8373-c3c0199e8d29}</UniqueIdentifier>
    </Filter>
    <Filter Include="Src\Script\ECS\Component">
      <UniqueIdentifier>{75b04a11-8355-456a-a3d0-c75a503cf666}</UniqueIdentifier>
    </Filter>
    <Filter Include="Src\Script\ECS\Entity">
      <UniqueIdentifier>{ee4d9131-02a4-49fe-9099-4abbb4b3071d}</UniqueIdentifier>
    </Filter>
    <Filter Include="Src\Script\ECS\Reflection">
      <UniqueIdentifier>{9b5b6f1c-2b49-4f59-bf04-09ba2dca6de7}</UniqueIdentifier>
    </Filter>
    <Filter Include="Src\Script\Utility\ConvertToValue">
      <UniqueIdentifier>{9bf9a091-c138-4375-995f-3fa4998c97d1}</UniqueIdentifier>
    </Filter>
    <Filter Include="Src\Script\Command\Command_CreateEntity">
      <UniqueIdentifier>{1ec534bd-521a-42e9-9afd-f5d1e931a547}</UniqueIdentifier>
    </Filter>
  </ItemGroup>
</Project>