<?xml version="1.0" encoding="utf-8"?>
<Project ToolsVersion="4.0" xmlns="http://schemas.microsoft.com/developer/msbuild/2003">
  <ItemGroup>
    <ClInclude Include="Src\KdInput\KdInput.h">
      <Filter>Src\KdInput</Filter>
    </ClInclude>
    <ClInclude Include="Src\Interface\IInput.h">
      <Filter>Src\Interface</Filter>
    </ClInclude>
    <ClInclude Include="Src\pch.h">
      <Filter>Src</Filter>
    </ClInclude>
  </ItemGroup>
  <ItemGroup>
    <ClCompile Include="Src\KdInput\KdInput.cpp">
      <Filter>Src\KdInput</Filter>
    </ClCompile>
    <ClCompile Include="Src\pch.cpp">
      <Filter>Src</Filter>
    </ClCompile>
  </ItemGroup>
  <ItemGroup>
    <Filter Include="Src">
      <UniqueIdentifier>{65f4299a-73cc-46dd-ab70-aa209677afe0}</UniqueIdentifier>
    </Filter>
    <Filter Include="Src\KdInput">
      <UniqueIdentifier>{8ec2a82d-cb37-49e8-a0d8-a64b1eeb7ce0}</UniqueIdentifier>
    </Filter>
    <Filter Include="Src\Interface">
      <UniqueIdentifier>{86c43b9d-c399-4a99-9dc0-d3c01c0e95b8}</UniqueIdentifier>
    </Filter>
  </ItemGroup>
</Project>